
Microsoft Visual Studio Solution File, Format Version 12.00
# Visual Studio Version 16
VisualStudioVersion = 16.0.29409.12
MinimumVisualStudioVersion = 10.0.40219.1
Project("{FAE04EC0-301F-11D3-BF4B-00C04F79EFBC}") = "PRSSISample", "PRSSISample\PRSSISample.csproj", "{13A347F8-AE4E-4E2D-B2F1-B12BC6A8ACDF}"
EndProject
Global
	GlobalSection(SolutionConfigurationPlatforms) = preSolution
		Debug|Any CPU = Debug|Any CPU
		Release|Any CPU = Release|Any CPU
	EndGlobalSection
	GlobalSection(ProjectConfigurationPlatforms) = postSolution
		{13A347F8-AE4E-4E2D-B2F1-B12BC6A8ACDF}.Debug|Any CPU.ActiveCfg = Debug|Any CPU
		{13A347F8-AE4E-4E2D-B2F1-B12BC6A8ACDF}.Debug|Any CPU.Build.0 = Debug|Any CPU
		{13A347F8-AE4E-4E2D-B2F1-B12BC6A8ACDF}.Release|Any CPU.ActiveCfg = Release|Any CPU
		{13A347F8-AE4E-4E2D-B2F1-B12BC6A8ACDF}.Release|Any CPU.Build.0 = Release|Any CPU
	EndGlobalSection
	GlobalSection(SolutionProperties) = preSolution
		HideSolutionNode = FALSE
	EndGlobalSection
	GlobalSection(ExtensibilityGlobals) = postSolution
		SolutionGuid = {95C46C2A-3091-4F5F-BCB2-54751947D13B}
	EndGlobalSection
EndGlobal
