
Microsoft Visual Studio Solution File, Format Version 12.00
# Visual Studio Version 17
VisualStudioVersion = 17.0.32112.339
MinimumVisualStudioVersion = 10.0.40219.1
Project("{9A19103F-16F7-4668-BE54-9A1E7A4F7556}") = "PRSSI", "PRSSI\PRSSI.csproj", "{13A347F8-AE4E-4E2D-B2F1-B12BC6A8ACDF}"
EndProject
Project("{9A19103F-16F7-4668-BE54-9A1E7A4F7556}") = "CookieJarOverflow", "CookieJarOverflow\CookieJarOverflow.csproj", "{92D4AAAE-6794-4CB0-BD24-42EB7CA8C701}"
EndProject
Project("{9A19103F-16F7-4668-BE54-9A1E7A4F7556}") = "VulnerableDeserialization", "VulnerableDeserialization\VulnerableDeserialization.csproj", "{1506720F-B0A7-48C2-AE0E-A999518EC4C6}"
EndProject
Project("{9A19103F-16F7-4668-BE54-9A1E7A4F7556}") = "CRLF", "CRLF\CRLF.csproj", "{B95D3837-2A0B-4423-81D4-5BA1D2A1AC3A}"
EndProject
Project("{9A19103F-16F7-4668-BE54-9A1E7A4F7556}") = "PathTraversal", "PathTraversal\PathTraversal.csproj", "{03AD8F57-3DAF-4807-B861-BEC6ACF9DA76}"
EndProject
Project("{9A19103F-16F7-4668-BE54-9A1E7A4F7556}") = "ParameterTampering", "ParameterTampering\ParameterTampering.csproj", "{D9F0329E-5CEE-4F5E-80E9-92127AA05873}"
EndProject
Project("{FAE04EC0-301F-11D3-BF4B-00C04F79EFBC}") = "ZipBombs", "ZipBombs\ZipBombs.csproj", "{B97B04D8-E20F-45D4-9430-FC78380FC7A8}"
EndProject
Global
	GlobalSection(SolutionConfigurationPlatforms) = preSolution
		Debug|Any CPU = Debug|Any CPU
		Release|Any CPU = Release|Any CPU
	EndGlobalSection
	GlobalSection(ProjectConfigurationPlatforms) = postSolution
		{13A347F8-AE4E-4E2D-B2F1-B12BC6A8ACDF}.Debug|Any CPU.ActiveCfg = Debug|Any CPU
		{13A347F8-AE4E-4E2D-B2F1-B12BC6A8ACDF}.Debug|Any CPU.Build.0 = Debug|Any CPU
		{13A347F8-AE4E-4E2D-B2F1-B12BC6A8ACDF}.Release|Any CPU.ActiveCfg = Release|Any CPU
		{13A347F8-AE4E-4E2D-B2F1-B12BC6A8ACDF}.Release|Any CPU.Build.0 = Release|Any CPU
		{92D4AAAE-6794-4CB0-BD24-42EB7CA8C701}.Debug|Any CPU.ActiveCfg = Debug|Any CPU
		{92D4AAAE-6794-4CB0-BD24-42EB7CA8C701}.Debug|Any CPU.Build.0 = Debug|Any CPU
		{92D4AAAE-6794-4CB0-BD24-42EB7CA8C701}.Release|Any CPU.ActiveCfg = Release|Any CPU
		{92D4AAAE-6794-4CB0-BD24-42EB7CA8C701}.Release|Any CPU.Build.0 = Release|Any CPU
		{1506720F-B0A7-48C2-AE0E-A999518EC4C6}.Debug|Any CPU.ActiveCfg = Debug|Any CPU
		{1506720F-B0A7-48C2-AE0E-A999518EC4C6}.Debug|Any CPU.Build.0 = Debug|Any CPU
		{1506720F-B0A7-48C2-AE0E-A999518EC4C6}.Release|Any CPU.ActiveCfg = Release|Any CPU
		{1506720F-B0A7-48C2-AE0E-A999518EC4C6}.Release|Any CPU.Build.0 = Release|Any CPU
		{B95D3837-2A0B-4423-81D4-5BA1D2A1AC3A}.Debug|Any CPU.ActiveCfg = Debug|Any CPU
		{B95D3837-2A0B-4423-81D4-5BA1D2A1AC3A}.Debug|Any CPU.Build.0 = Debug|Any CPU
		{B95D3837-2A0B-4423-81D4-5BA1D2A1AC3A}.Release|Any CPU.ActiveCfg = Release|Any CPU
		{B95D3837-2A0B-4423-81D4-5BA1D2A1AC3A}.Release|Any CPU.Build.0 = Release|Any CPU
		{03AD8F57-3DAF-4807-B861-BEC6ACF9DA76}.Debug|Any CPU.ActiveCfg = Debug|Any CPU
		{03AD8F57-3DAF-4807-B861-BEC6ACF9DA76}.Debug|Any CPU.Build.0 = Debug|Any CPU
		{03AD8F57-3DAF-4807-B861-BEC6ACF9DA76}.Release|Any CPU.ActiveCfg = Release|Any CPU
		{03AD8F57-3DAF-4807-B861-BEC6ACF9DA76}.Release|Any CPU.Build.0 = Release|Any CPU
		{D9F0329E-5CEE-4F5E-80E9-92127AA05873}.Debug|Any CPU.ActiveCfg = Debug|Any CPU
		{D9F0329E-5CEE-4F5E-80E9-92127AA05873}.Debug|Any CPU.Build.0 = Debug|Any CPU
		{D9F0329E-5CEE-4F5E-80E9-92127AA05873}.Release|Any CPU.ActiveCfg = Release|Any CPU
		{D9F0329E-5CEE-4F5E-80E9-92127AA05873}.Release|Any CPU.Build.0 = Release|Any CPU
		{B97B04D8-E20F-45D4-9430-FC78380FC7A8}.Debug|Any CPU.ActiveCfg = Debug|Any CPU
		{B97B04D8-E20F-45D4-9430-FC78380FC7A8}.Debug|Any CPU.Build.0 = Debug|Any CPU
		{B97B04D8-E20F-45D4-9430-FC78380FC7A8}.Release|Any CPU.ActiveCfg = Release|Any CPU
		{B97B04D8-E20F-45D4-9430-FC78380FC7A8}.Release|Any CPU.Build.0 = Release|Any CPU
	EndGlobalSection
	GlobalSection(SolutionProperties) = preSolution
		HideSolutionNode = FALSE
	EndGlobalSection
	GlobalSection(ExtensibilityGlobals) = postSolution
		SolutionGuid = {95C46C2A-3091-4F5F-BCB2-54751947D13B}
	EndGlobalSection
EndGlobal
